
Microsoft Visual Studio Solution File, Format Version 12.00
# Visual Studio Version 16
VisualStudioVersion = 16.0.29926.136
MinimumVisualStudioVersion = 10.0.40219.1
Project("{9A19103F-16F7-4668-BE54-9A1E7A4F7556}") = "AdefHelpDeskBase", "AdefHelpDesk\AdefHelpDeskBase.csproj", "{46CD8855-120C-4DE3-95C3-8C5A10167D75}"
EndProject
Project("{9A19103F-16F7-4668-BE54-9A1E7A4F7556}") = "ADefHelpDeskApp", "ADefHelpDeskApp\ADefHelpDeskApp.csproj", "{DC3FEAB7-6CA6-43CF-9C4B-188987BB8315}"
EndProject
Project("{E53339B2-1760-4266-BCC7-CA923CBCF16C}") = "docker-compose", "AdefHelpDesk\docker-compose.dcproj", "{F6C5D953-5DA8-468A-AF66-E49BDAAAC327}"
EndProject
Global
	GlobalSection(SolutionConfigurationPlatforms) = preSolution
		Debug|Any CPU = Debug|Any CPU
		Release|Any CPU = Release|Any CPU
	EndGlobalSection
	GlobalSection(ProjectConfigurationPlatforms) = postSolution
		{46CD8855-120C-4DE3-95C3-8C5A10167D75}.Debug|Any CPU.ActiveCfg = Debug|Any CPU
		{46CD8855-120C-4DE3-95C3-8C5A10167D75}.Debug|Any CPU.Build.0 = Debug|Any CPU
		{46CD8855-120C-4DE3-95C3-8C5A10167D75}.Release|Any CPU.ActiveCfg = Release|Any CPU
		{46CD8855-120C-4DE3-95C3-8C5A10167D75}.Release|Any CPU.Build.0 = Release|Any CPU
		{DC3FEAB7-6CA6-43CF-9C4B-188987BB8315}.Debug|Any CPU.ActiveCfg = Debug|Any CPU
		{DC3FEAB7-6CA6-43CF-9C4B-188987BB8315}.Debug|Any CPU.Build.0 = Debug|Any CPU
		{DC3FEAB7-6CA6-43CF-9C4B-188987BB8315}.Release|Any CPU.ActiveCfg = Release|Any CPU
		{DC3FEAB7-6CA6-43CF-9C4B-188987BB8315}.Release|Any CPU.Build.0 = Release|Any CPU
		{F6C5D953-5DA8-468A-AF66-E49BDAAAC327}.Debug|Any CPU.ActiveCfg = Debug|Any CPU
		{F6C5D953-5DA8-468A-AF66-E49BDAAAC327}.Debug|Any CPU.Build.0 = Debug|Any CPU
		{F6C5D953-5DA8-468A-AF66-E49BDAAAC327}.Release|Any CPU.ActiveCfg = Release|Any CPU
		{F6C5D953-5DA8-468A-AF66-E49BDAAAC327}.Release|Any CPU.Build.0 = Release|Any CPU
	EndGlobalSection
	GlobalSection(SolutionProperties) = preSolution
		HideSolutionNode = FALSE
	EndGlobalSection
	GlobalSection(ExtensibilityGlobals) = postSolution
		SolutionGuid = {C804F889-BCE3-47EE-82DD-02FE46EA564B}
	EndGlobalSection
EndGlobal
